<?xml version="1.0" encoding="utf-8"?>
<Project ToolsVersion="4.0" xmlns="http://schemas.microsoft.com/developer/msbuild/2003">
  <ItemGroup>
    <Filter Include="Source Files">
      <UniqueIdentifier>{4FC737F1-C7A5-4376-A066-2A32D752A2FF}</UniqueIdentifier>
      <Extensions>cpp;c;cc;cxx;def;odl;idl;hpj;bat;asm;asmx</Extensions>
    </Filter>
    <Filter Include="Resource Files">
      <UniqueIdentifier>{67DA6AB6-F800-4c08-8B7A-83BB121AAD01}</UniqueIdentifier>
      <Extensions>rc;ico;cur;bmp;dlg;rc2;rct;bin;rgs;gif;jpg;jpeg;jpe;resx;tiff;tif;png;wav;mfcribbon-ms</Extensions>
    </Filter>
    <Filter Include="Source Files\Screen Manager">
      <UniqueIdentifier>{bc874779-8e63-4850-9533-2ef6b378ac14}</UniqueIdentifier>
    </Filter>
    <Filter Include="Source Files\Screens">
      <UniqueIdentifier>{2f4c2314-e11d-42e3-b500-8af116028108}</UniqueIdentifier>
    </Filter>
    <Filter Include="Source Files\Resource Manager">
      <UniqueIdentifier>{60c0de63-3cae-4436-afcf-c2481a6edb69}</UniqueIdentifier>
    </Filter>
    <Filter Include="Resource Files\Sounds">
      <UniqueIdentifier>{b7c1350e-4e7c-4c6e-8552-94aabcb3959c}</UniqueIdentifier>
    </Filter>
    <Filter Include="Resource Files\Images">
      <UniqueIdentifier>{df235986-46ef-47c6-8377-69a17463c01a}</UniqueIdentifier>
    </Filter>
    <Filter Include="Resource Files\Fonts">
      <UniqueIdentifier>{edd44ebc-aebe-4153-9c01-980a1dd3dabd}</UniqueIdentifier>
    </Filter>
    <Filter Include="Source Files\Grid">
      <UniqueIdentifier>{7ce8ae1c-6c67-4a56-93e8-1890dff117a9}</UniqueIdentifier>
    </Filter>
    <Filter Include="Source Files\Camera">
      <UniqueIdentifier>{d40f3e54-7cea-444f-aab7-c19bb011f764}</UniqueIdentifier>
    </Filter>
    <Filter Include="Source Files\Utilities">
      <UniqueIdentifier>{6b763fca-12c2-417e-b964-16e1a8871be2}</UniqueIdentifier>
    </Filter>
    <Filter Include="Source Files\Physics Manager">
      <UniqueIdentifier>{b1d57b47-65d7-4dfc-89fa-596c33080b22}</UniqueIdentifier>
    </Filter>
    <Filter Include="Source Files\Player">
      <UniqueIdentifier>{f73dd760-c664-485a-bb00-ce5c95dfe2da}</UniqueIdentifier>
    </Filter>
    <Filter Include="Source Files\Event Manager">
      <UniqueIdentifier>{55dd62e8-aaf8-4c6c-b555-800e5391c286}</UniqueIdentifier>
    </Filter>
    <Filter Include="Source Files\Grid Generator">
      <UniqueIdentifier>{7ae96b2f-cdc0-4588-a0c2-7f0a44600d13}</UniqueIdentifier>
    </Filter>
    <Filter Include="Source Files\Items">
      <UniqueIdentifier>{f591a458-7ec5-44e2-987e-f3f67279ced0}</UniqueIdentifier>
    </Filter>
    <Filter Include="Source Files\Items\Equipment">
      <UniqueIdentifier>{2fd675d5-fe04-40d5-bb9a-cce019d074ab}</UniqueIdentifier>
    </Filter>
    <Filter Include="Source Files\Items\Equipment\Armor">
      <UniqueIdentifier>{e7406928-f42e-4442-bdf7-0acba7bae0d0}</UniqueIdentifier>
    </Filter>
    <Filter Include="Source Files\Items\Equipment\Weapon">
      <UniqueIdentifier>{d7fa3c25-edf4-417e-a6ca-2493ed7aa5e4}</UniqueIdentifier>
    </Filter>
    <Filter Include="Source Files\Items\Potion">
      <UniqueIdentifier>{15fedcbc-0a7f-464b-af87-3eae37200c7f}</UniqueIdentifier>
    </Filter>
    <Filter Include="Source Files\Items\Scrolls">
      <UniqueIdentifier>{85cfe776-e0bc-473a-b5b9-022af2748c91}</UniqueIdentifier>
    </Filter>
    <Filter Include="Source Files\Items\Gems">
      <UniqueIdentifier>{5afc8f09-2695-45de-ad3c-11dd240aeb16}</UniqueIdentifier>
    </Filter>
    <Filter Include="Source Files\Objects">
      <UniqueIdentifier>{427c7532-0351-4282-b2f6-3db42ff2f7cd}</UniqueIdentifier>
    </Filter>
    <Filter Include="Source Files\Objects\Physics Objects">
      <UniqueIdentifier>{794e695c-2527-4693-ae1a-eb46d2d86af6}</UniqueIdentifier>
    </Filter>
    <Filter Include="Source Files\Objects\Physics Objects\Particles">
      <UniqueIdentifier>{ebbbf3f3-4e24-4213-a1ba-e970b86bf6e1}</UniqueIdentifier>
    </Filter>
    <Filter Include="Source Files\Objects\Physics Objects\Items">
      <UniqueIdentifier>{55fffc8a-4dac-419b-8c80-f85315c8770b}</UniqueIdentifier>
    </Filter>
  </ItemGroup>
  <ItemGroup>
    <ClInclude Include="src\AbstractScreen.hpp">
      <Filter>Source Files\Screen Manager</Filter>
    </ClInclude>
    <ClInclude Include="src\ScreenManager.hpp">
      <Filter>Source Files\Screen Manager</Filter>
    </ClInclude>
    <ClInclude Include="src\HomeScreen.hpp">
      <Filter>Source Files\Screens</Filter>
    </ClInclude>
    <ClInclude Include="src\Grid.hpp">
      <Filter>Source Files\Grid</Filter>
    </ClInclude>
    <ClInclude Include="src\BlockType.hpp">
      <Filter>Source Files\Grid</Filter>
    </ClInclude>
    <ClInclude Include="src\Utilities.hpp">
      <Filter>Source Files\Utilities</Filter>
    </ClInclude>
    <ClInclude Include="src\Camera.hpp">
      <Filter>Source Files\Camera</Filter>
    </ClInclude>
    <ClInclude Include="src\ResourceLoader.hpp">
      <Filter>Source Files\Resource Manager</Filter>
    </ClInclude>
    <ClInclude Include="src\ResourceManager.hpp">
      <Filter>Source Files\Resource Manager</Filter>
    </ClInclude>
    <ClInclude Include="src\OutputManager.hpp">
      <Filter>Source Files\Utilities</Filter>
    </ClInclude>
    <ClInclude Include="src\ResourcePath.hpp">
      <Filter>Source Files\Resource Manager</Filter>
    </ClInclude>
    <ClInclude Include="src\PhysicsManager.hpp">
      <Filter>Source Files\Physics Manager</Filter>
    </ClInclude>
    <ClInclude Include="src\Block.hpp">
      <Filter>Source Files\Grid</Filter>
    </ClInclude>
    <ClInclude Include="src\Player.hpp">
      <Filter>Source Files\Player</Filter>
    </ClInclude>
    <ClInclude Include="src\EventManager.hpp">
      <Filter>Source Files\Event Manager</Filter>
    </ClInclude>
    <ClInclude Include="src\MovementAxis.hpp">
      <Filter>Source Files\Player</Filter>
    </ClInclude>
    <ClInclude Include="src\KeyBindings.hpp">
      <Filter>Source Files\Player</Filter>
    </ClInclude>
    <ClInclude Include="src\MovementState.hpp">
      <Filter>Source Files\Player</Filter>
    </ClInclude>
    <ClInclude Include="src\BlockNeighbors.hpp">
      <Filter>Source Files\Grid</Filter>
    </ClInclude>
    <ClInclude Include="src\GridGenerator.hpp">
      <Filter>Source Files\Grid Generator</Filter>
    </ClInclude>
    <ClInclude Include="src\GridNode.hpp">
      <Filter>Source Files\Grid Generator</Filter>
    </ClInclude>
    <ClInclude Include="src\GridRoom.hpp">
      <Filter>Source Files\Grid Generator</Filter>
    </ClInclude>
    <ClInclude Include="src\Particle.hpp">
      <Filter>Source Files\Objects\Physics Objects\Particles</Filter>
    </ClInclude>
    <ClInclude Include="src\TransitionParticle.hpp">
      <Filter>Source Files\Objects\Physics Objects\Particles</Filter>
    </ClInclude>
    <ClInclude Include="src\Emitter.hpp">
      <Filter>Source Files\Objects\Physics Objects\Particles</Filter>
    </ClInclude>
    <ClInclude Include="src\Item.hpp">
      <Filter>Source Files\Items</Filter>
    </ClInclude>
    <ClInclude Include="src\ItemType.hpp">
      <Filter>Source Files\Items</Filter>
    </ClInclude>
    <ClInclude Include="src\Equipment.hpp">
      <Filter>Source Files\Items\Equipment</Filter>
    </ClInclude>
    <ClInclude Include="src\EquipmentType.hpp">
      <Filter>Source Files\Items\Equipment</Filter>
    </ClInclude>
    <ClInclude Include="src\Armor.hpp">
      <Filter>Source Files\Items\Equipment\Armor</Filter>
    </ClInclude>
    <ClInclude Include="src\ArmorType.hpp">
      <Filter>Source Files\Items\Equipment\Armor</Filter>
    </ClInclude>
    <ClInclude Include="src\EquipmentRarity.hpp">
      <Filter>Source Files\Items\Equipment</Filter>
    </ClInclude>
    <ClInclude Include="src\EquipmentStat.hpp">
      <Filter>Source Files\Items\Equipment</Filter>
    </ClInclude>
    <ClInclude Include="src\ItemGenerator.hpp">
      <Filter>Source Files\Items</Filter>
    </ClInclude>
    <ClInclude Include="src\Weapon.hpp">
      <Filter>Source Files\Items\Equipment\Weapon</Filter>
    </ClInclude>
    <ClInclude Include="src\WeaponType.hpp">
      <Filter>Source Files\Items\Equipment\Weapon</Filter>
    </ClInclude>
    <ClInclude Include="src\WeaponSlot.hpp">
      <Filter>Source Files\Items\Equipment\Weapon</Filter>
    </ClInclude>
    <ClInclude Include="src\WeaponSpeed.hpp">
      <Filter>Source Files\Items\Equipment\Weapon</Filter>
    </ClInclude>
    <ClInclude Include="src\ArmorGenerator.hpp">
      <Filter>Source Files\Items\Equipment\Armor</Filter>
    </ClInclude>
    <ClInclude Include="src\EquipmentGenerator.hpp">
      <Filter>Source Files\Items\Equipment</Filter>
    </ClInclude>
    <ClInclude Include="src\WeaponGenerator.hpp">
      <Filter>Source Files\Items\Equipment\Weapon</Filter>
    </ClInclude>
    <ClInclude Include="src\EquipmentStats.hpp">
      <Filter>Source Files\Items\Equipment</Filter>
    </ClInclude>
    <ClInclude Include="src\Potion.hpp">
      <Filter>Source Files\Items\Potion</Filter>
    </ClInclude>
    <ClInclude Include="src\PotionGenerator.hpp">
      <Filter>Source Files\Items\Potion</Filter>
    </ClInclude>
    <ClInclude Include="src\Scroll.hpp">
      <Filter>Source Files\Items\Scrolls</Filter>
    </ClInclude>
    <ClInclude Include="src\ScrollGenerator.hpp">
      <Filter>Source Files\Items\Scrolls</Filter>
    </ClInclude>
    <ClInclude Include="src\Gem.hpp">
      <Filter>Source Files\Items\Gems</Filter>
    </ClInclude>
    <ClInclude Include="src\GemGenerator.hpp">
      <Filter>Source Files\Items\Gems</Filter>
    </ClInclude>
    <ClInclude Include="src\Object.hpp">
      <Filter>Source Files\Objects</Filter>
    </ClInclude>
    <ClInclude Include="src\PhysicsObject.hpp">
      <Filter>Source Files\Objects\Physics Objects</Filter>
    </ClInclude>
    <ClInclude Include="src\XState.hpp">
      <Filter>Source Files\Objects\Physics Objects</Filter>
    </ClInclude>
    <ClInclude Include="src\YState.hpp">
      <Filter>Source Files\Objects\Physics Objects</Filter>
    </ClInclude>
    <ClInclude Include="src\ObjectType.hpp">
      <Filter>Source Files\Objects</Filter>
    </ClInclude>
    <ClInclude Include="src\ItemPhysicsObject.hpp">
      <Filter>Source Files\Objects\Physics Objects\Items</Filter>
    </ClInclude>
  </ItemGroup>
  <ItemGroup>
    <ClCompile Include="src\main.cpp">
      <Filter>Source Files</Filter>
    </ClCompile>
    <ClCompile Include="src\AbstractScreen.cpp">
      <Filter>Source Files\Screen Manager</Filter>
    </ClCompile>
    <ClCompile Include="src\ScreenManager.cpp">
      <Filter>Source Files\Screen Manager</Filter>
    </ClCompile>
    <ClCompile Include="src\HomeScreen.cpp">
      <Filter>Source Files\Screens</Filter>
    </ClCompile>
    <ClCompile Include="src\ResourcePath.cpp">
      <Filter>Source Files\Resource Manager</Filter>
    </ClCompile>
    <ClCompile Include="src\Grid.cpp">
      <Filter>Source Files\Grid</Filter>
    </ClCompile>
    <ClCompile Include="src\Camera.cpp">
      <Filter>Source Files\Camera</Filter>
    </ClCompile>
    <ClCompile Include="src\ResourceLoader.cpp">
      <Filter>Source Files\Resource Manager</Filter>
    </ClCompile>
    <ClCompile Include="src\ResourceManager.cpp">
      <Filter>Source Files\Resource Manager</Filter>
    </ClCompile>
    <ClCompile Include="src\PhysicsManager.cpp">
      <Filter>Source Files\Physics Manager</Filter>
    </ClCompile>
    <ClCompile Include="src\Block.cpp">
      <Filter>Source Files\Grid</Filter>
    </ClCompile>
    <ClCompile Include="src\Player.cpp">
      <Filter>Source Files\Player</Filter>
    </ClCompile>
    <ClCompile Include="src\EventManager.cpp">
      <Filter>Source Files\Event Manager</Filter>
    </ClCompile>
    <ClCompile Include="src\MovementAxis.cpp">
      <Filter>Source Files\Player</Filter>
    </ClCompile>
    <ClCompile Include="src\BlockNeighbors.cpp">
      <Filter>Source Files\Grid</Filter>
    </ClCompile>
    <ClCompile Include="src\GridGenerator.cpp">
      <Filter>Source Files\Grid Generator</Filter>
    </ClCompile>
    <ClCompile Include="src\GridNode.cpp">
      <Filter>Source Files\Grid Generator</Filter>
    </ClCompile>
    <ClCompile Include="src\GridRoom.cpp">
      <Filter>Source Files\Grid Generator</Filter>
    </ClCompile>
    <ClCompile Include="src\Particle.cpp">
      <Filter>Source Files\Objects\Physics Objects\Particles</Filter>
    </ClCompile>
    <ClCompile Include="src\TransitionParticle.cpp">
      <Filter>Source Files\Objects\Physics Objects\Particles</Filter>
    </ClCompile>
    <ClCompile Include="src\Emitter.cpp">
      <Filter>Source Files\Objects\Physics Objects\Particles</Filter>
    </ClCompile>
    <ClCompile Include="src\Item.cpp">
      <Filter>Source Files\Items</Filter>
    </ClCompile>
    <ClCompile Include="src\Equipment.cpp">
      <Filter>Source Files\Items\Equipment</Filter>
    </ClCompile>
    <ClCompile Include="src\Armor.cpp">
      <Filter>Source Files\Items\Equipment\Armor</Filter>
    </ClCompile>
    <ClCompile Include="src\ItemGenerator.cpp">
      <Filter>Source Files\Items</Filter>
    </ClCompile>
    <ClCompile Include="src\Weapon.cpp">
      <Filter>Source Files\Items\Equipment\Weapon</Filter>
    </ClCompile>
    <ClCompile Include="src\ArmorGenerator.cpp">
      <Filter>Source Files\Items\Equipment\Armor</Filter>
    </ClCompile>
    <ClCompile Include="src\EquipmentGenerator.cpp">
      <Filter>Source Files\Items\Equipment</Filter>
    </ClCompile>
    <ClCompile Include="src\WeaponGenerator.cpp">
      <Filter>Source Files\Items\Equipment\Weapon</Filter>
    </ClCompile>
    <ClCompile Include="src\Potion.cpp">
      <Filter>Source Files\Items\Potion</Filter>
    </ClCompile>
    <ClCompile Include="src\PotionGenerator.cpp">
      <Filter>Source Files\Items\Potion</Filter>
    </ClCompile>
    <ClCompile Include="src\Scroll.cpp">
      <Filter>Source Files\Items\Scrolls</Filter>
    </ClCompile>
    <ClCompile Include="src\ScrollGenerator.cpp">
      <Filter>Source Files\Items\Scrolls</Filter>
    </ClCompile>
    <ClCompile Include="src\Gem.cpp">
      <Filter>Source Files\Items\Gems</Filter>
    </ClCompile>
    <ClCompile Include="src\GemGenerator.cpp">
      <Filter>Source Files\Items\Gems</Filter>
    </ClCompile>
    <ClCompile Include="src\Object.cpp">
      <Filter>Source Files\Objects</Filter>
    </ClCompile>
    <ClCompile Include="src\PhysicsObject.cpp">
      <Filter>Source Files\Objects\Physics Objects</Filter>
    </ClCompile>
    <ClCompile Include="src\ItemPhysicsObject.cpp">
      <Filter>Source Files\Objects\Physics Objects\Items</Filter>
    </ClCompile>
  </ItemGroup>
  <ItemGroup>
    <Image Include="resources\icon.png">
      <Filter>Resource Files\Images</Filter>
    </Image>
    <Image Include="resources\WhiteBlock.png">
      <Filter>Resource Files\Images</Filter>
    </Image>
    <Image Include="resources\LadderBlock.png">
      <Filter>Resource Files\Images</Filter>
    </Image>
    <Image Include="resources\WaterBlock.png">
      <Filter>Resource Files\Images</Filter>
    </Image>
    <Image Include="resources\Player.png">
      <Filter>Resource Files\Images</Filter>
    </Image>
    <Image Include="resources\Armor.png">
      <Filter>Resource Files\Images</Filter>
    </Image>
    <Image Include="resources\Gem.png">
      <Filter>Resource Files\Images</Filter>
    </Image>
    <Image Include="resources\Potion.png">
      <Filter>Resource Files\Images</Filter>
    </Image>
    <Image Include="resources\Scroll.png">
      <Filter>Resource Files\Images</Filter>
    </Image>
    <Image Include="resources\Weapon.png">
      <Filter>Resource Files\Images</Filter>
    </Image>
  </ItemGroup>
  <ItemGroup>
    <None Include="resources\nice_music.ogg">
      <Filter>Resource Files\Sounds</Filter>
    </None>
  </ItemGroup>
  <ItemGroup>
    <Font Include="resources\sansation.ttf">
      <Filter>Resource Files\Fonts</Filter>
    </Font>
  </ItemGroup>
  <ItemGroup>
    <Text Include="resources\ResourceFile.txt">
      <Filter>Resource Files</Filter>
    </Text>
  </ItemGroup>
</Project>